// !$*UTF8*$!
{
	archiveVersion = 1;
	classes = {
	};
	objectVersion = 56;
	objects = {

/* Begin PBXBuildFile section */
		89E28E8E2B465CB300AB0FEC /* Vortex_AppApp.swift in Sources */ = {isa = PBXBuildFile; fileRef = 89E28E8D2B465CB300AB0FEC /* Vortex_AppApp.swift */; };
		89E28E902B465CB300AB0FEC /* ContentView.swift in Sources */ = {isa = PBXBuildFile; fileRef = 89E28E8F2B465CB300AB0FEC /* ContentView.swift */; };
		89E28E922B465CB500AB0FEC /* Assets.xcassets in Resources */ = {isa = PBXBuildFile; fileRef = 89E28E912B465CB500AB0FEC /* Assets.xcassets */; };
		89E28E952B465CB500AB0FEC /* Preview Assets.xcassets in Resources */ = {isa = PBXBuildFile; fileRef = 89E28E942B465CB500AB0FEC /* Preview Assets.xcassets */; };
		89E28E9F2B465CB500AB0FEC /* Vortex_AppTests.swift in Sources */ = {isa = PBXBuildFile; fileRef = 89E28E9E2B465CB500AB0FEC /* Vortex_AppTests.swift */; };
		89E28EA92B465CB500AB0FEC /* Vortex_AppUITests.swift in Sources */ = {isa = PBXBuildFile; fileRef = 89E28EA82B465CB500AB0FEC /* Vortex_AppUITests.swift */; };
		89E28EAB2B465CB500AB0FEC /* Vortex_AppUITestsLaunchTests.swift in Sources */ = {isa = PBXBuildFile; fileRef = 89E28EAA2B465CB500AB0FEC /* Vortex_AppUITestsLaunchTests.swift */; };
/* End PBXBuildFile section */

/* Begin PBXContainerItemProxy section */
		89E28E9B2B465CB500AB0FEC /* PBXContainerItemProxy */ = {
			isa = PBXContainerItemProxy;
			containerPortal = 89E28E822B465CB300AB0FEC /* Project object */;
			proxyType = 1;
			remoteGlobalIDString = 89E28E892B465CB300AB0FEC;
			remoteInfo = "Vortex App";
		};
		89E28EA52B465CB500AB0FEC /* PBXContainerItemProxy */ = {
			isa = PBXContainerItemProxy;
			containerPortal = 89E28E822B465CB300AB0FEC /* Project object */;
			proxyType = 1;
			remoteGlobalIDString = 89E28E892B465CB300AB0FEC;
			remoteInfo = "Vortex App";
		};
/* End PBXContainerItemProxy section */

/* Begin PBXFileReference section */
		89E28E8A2B465CB300AB0FEC /* Vortex App.app */ = {isa = PBXFileReference; explicitFileType = wrapper.application; includeInIndex = 0; path = "Vortex App.app"; sourceTree = BUILT_PRODUCTS_DIR; };
		89E28E8D2B465CB300AB0FEC /* Vortex_AppApp.swift */ = {isa = PBXFileReference; lastKnownFileType = sourcecode.swift; path = Vortex_AppApp.swift; sourceTree = "<group>"; };
		89E28E8F2B465CB300AB0FEC /* ContentView.swift */ = {isa = PBXFileReference; lastKnownFileType = sourcecode.swift; path = ContentView.swift; sourceTree = "<group>"; };
		89E28E912B465CB500AB0FEC /* Assets.xcassets */ = {isa = PBXFileReference; lastKnownFileType = folder.assetcatalog; path = Assets.xcassets; sourceTree = "<group>"; };
		89E28E942B465CB500AB0FEC /* Preview Assets.xcassets */ = {isa = PBXFileReference; lastKnownFileType = folder.assetcatalog; path = "Preview Assets.xcassets"; sourceTree = "<group>"; };
		89E28E9A2B465CB500AB0FEC /* Vortex AppTests.xctest */ = {isa = PBXFileReference; explicitFileType = wrapper.cfbundle; includeInIndex = 0; path = "Vortex AppTests.xctest"; sourceTree = BUILT_PRODUCTS_DIR; };
		89E28E9E2B465CB500AB0FEC /* Vortex_AppTests.swift */ = {isa = PBXFileReference; lastKnownFileType = sourcecode.swift; path = Vortex_AppTests.swift; sourceTree = "<group>"; };
		89E28EA42B465CB500AB0FEC /* Vortex AppUITests.xctest */ = {isa = PBXFileReference; explicitFileType = wrapper.cfbundle; includeInIndex = 0; path = "Vortex AppUITests.xctest"; sourceTree = BUILT_PRODUCTS_DIR; };
		89E28EA82B465CB500AB0FEC /* Vortex_AppUITests.swift */ = {isa = PBXFileReference; lastKnownFileType = sourcecode.swift; path = Vortex_AppUITests.swift; sourceTree = "<group>"; };
		89E28EAA2B465CB500AB0FEC /* Vortex_AppUITestsLaunchTests.swift */ = {isa = PBXFileReference; lastKnownFileType = sourcecode.swift; path = Vortex_AppUITestsLaunchTests.swift; sourceTree = "<group>"; };
/* End PBXFileReference section */

/* Begin PBXFrameworksBuildPhase section */
		89E28E872B465CB300AB0FEC /* Frameworks */ = {
			isa = PBXFrameworksBuildPhase;
			buildActionMask = 2147483647;
			files = (
			);
			runOnlyForDeploymentPostprocessing = 0;
		};
		89E28E972B465CB500AB0FEC /* Frameworks */ = {
			isa = PBXFrameworksBuildPhase;
			buildActionMask = 2147483647;
			files = (
			);
			runOnlyForDeploymentPostprocessing = 0;
		};
		89E28EA12B465CB500AB0FEC /* Frameworks */ = {
			isa = PBXFrameworksBuildPhase;
			buildActionMask = 2147483647;
			files = (
			);
			runOnlyForDeploymentPostprocessing = 0;
		};
/* End PBXFrameworksBuildPhase section */

/* Begin PBXGroup section */
		89E28E812B465CB300AB0FEC = {
			isa = PBXGroup;
			children = (
				89E28E8C2B465CB300AB0FEC /* Vortex App */,
				89E28E9D2B465CB500AB0FEC /* Vortex AppTests */,
				89E28EA72B465CB500AB0FEC /* Vortex AppUITests */,
				89E28E8B2B465CB300AB0FEC /* Products */,
			);
			sourceTree = "<group>";
		};
		89E28E8B2B465CB300AB0FEC /* Products */ = {
			isa = PBXGroup;
			children = (
				89E28E8A2B465CB300AB0FEC /* Vortex App.app */,
				89E28E9A2B465CB500AB0FEC /* Vortex AppTests.xctest */,
				89E28EA42B465CB500AB0FEC /* Vortex AppUITests.xctest */,
			);
			name = Products;
			sourceTree = "<group>";
		};
		89E28E8C2B465CB300AB0FEC /* Vortex App */ = {
			isa = PBXGroup;
			children = (
				89E28E8D2B465CB300AB0FEC /* Vortex_AppApp.swift */,
				89E28E8F2B465CB300AB0FEC /* ContentView.swift */,
				89E28E912B465CB500AB0FEC /* Assets.xcassets */,
				89E28E932B465CB500AB0FEC /* Preview Content */,
			);
			path = "Vortex App";
			sourceTree = "<group>";
		};
		89E28E932B465CB500AB0FEC /* Preview Content */ = {
			isa = PBXGroup;
			children = (
				89E28E942B465CB500AB0FEC /* Preview Assets.xcassets */,
			);
			path = "Preview Content";
			sourceTree = "<group>";
		};
		89E28E9D2B465CB500AB0FEC /* Vortex AppTests */ = {
			isa = PBXGroup;
			children = (
				89E28E9E2B465CB500AB0FEC /* Vortex_AppTests.swift */,
			);
			path = "Vortex AppTests";
			sourceTree = "<group>";
		};
		89E28EA72B465CB500AB0FEC /* Vortex AppUITests */ = {
			isa = PBXGroup;
			children = (
				89E28EA82B465CB500AB0FEC /* Vortex_AppUITests.swift */,
				89E28EAA2B465CB500AB0FEC /* Vortex_AppUITestsLaunchTests.swift */,
			);
			path = "Vortex AppUITests";
			sourceTree = "<group>";
		};
/* End PBXGroup section */

/* Begin PBXNativeTarget section */
		89E28E892B465CB300AB0FEC /* Vortex App */ = {
			isa = PBXNativeTarget;
			buildConfigurationList = 89E28EAE2B465CB500AB0FEC /* Build configuration list for PBXNativeTarget "Vortex App" */;
			buildPhases = (
				89E28E862B465CB300AB0FEC /* Sources */,
				89E28E872B465CB300AB0FEC /* Frameworks */,
				89E28E882B465CB300AB0FEC /* Resources */,
			);
			buildRules = (
			);
			dependencies = (
			);
			name = "Vortex App";
			productName = "Vortex App";
			productReference = 89E28E8A2B465CB300AB0FEC /* Vortex App.app */;
			productType = "com.apple.product-type.application";
		};
		89E28E992B465CB500AB0FEC /* Vortex AppTests */ = {
			isa = PBXNativeTarget;
			buildConfigurationList = 89E28EB12B465CB500AB0FEC /* Build configuration list for PBXNativeTarget "Vortex AppTests" */;
			buildPhases = (
				89E28E962B465CB500AB0FEC /* Sources */,
				89E28E972B465CB500AB0FEC /* Frameworks */,
				89E28E982B465CB500AB0FEC /* Resources */,
			);
			buildRules = (
			);
			dependencies = (
				89E28E9C2B465CB500AB0FEC /* PBXTargetDependency */,
			);
			name = "Vortex AppTests";
			productName = "Vortex AppTests";
			productReference = 89E28E9A2B465CB500AB0FEC /* Vortex AppTests.xctest */;
			productType = "com.apple.product-type.bundle.unit-test";
		};
		89E28EA32B465CB500AB0FEC /* Vortex AppUITests */ = {
			isa = PBXNativeTarget;
			buildConfigurationList = 89E28EB42B465CB500AB0FEC /* Build configuration list for PBXNativeTarget "Vortex AppUITests" */;
			buildPhases = (
				89E28EA02B465CB500AB0FEC /* Sources */,
				89E28EA12B465CB500AB0FEC /* Frameworks */,
				89E28EA22B465CB500AB0FEC /* Resources */,
			);
			buildRules = (
			);
			dependencies = (
				89E28EA62B465CB500AB0FEC /* PBXTargetDependency */,
			);
			name = "Vortex AppUITests";
			productName = "Vortex AppUITests";
			productReference = 89E28EA42B465CB500AB0FEC /* Vortex AppUITests.xctest */;
			productType = "com.apple.product-type.bundle.ui-testing";
		};
/* End PBXNativeTarget section */

/* Begin PBXProject section */
		89E28E822B465CB300AB0FEC /* Project object */ = {
			isa = PBXProject;
			attributes = {
				BuildIndependentTargetsInParallel = 1;
				LastSwiftUpdateCheck = 1510;
				LastUpgradeCheck = 1510;
				TargetAttributes = {
					89E28E892B465CB300AB0FEC = {
						CreatedOnToolsVersion = 15.1;
					};
					89E28E992B465CB500AB0FEC = {
						CreatedOnToolsVersion = 15.1;
						TestTargetID = 89E28E892B465CB300AB0FEC;
					};
					89E28EA32B465CB500AB0FEC = {
						CreatedOnToolsVersion = 15.1;
						TestTargetID = 89E28E892B465CB300AB0FEC;
					};
				};
			};
			buildConfigurationList = 89E28E852B465CB300AB0FEC /* Build configuration list for PBXProject "Vortex App" */;
			compatibilityVersion = "Xcode 14.0";
			developmentRegion = en;
			hasScannedForEncodings = 0;
			knownRegions = (
				en,
				Base,
			);
			mainGroup = 89E28E812B465CB300AB0FEC;
			productRefGroup = 89E28E8B2B465CB300AB0FEC /* Products */;
			projectDirPath = "";
			projectRoot = "";
			targets = (
				89E28E892B465CB300AB0FEC /* Vortex App */,
				89E28E992B465CB500AB0FEC /* Vortex AppTests */,
				89E28EA32B465CB500AB0FEC /* Vortex AppUITests */,
			);
		};
/* End PBXProject section */

/* Begin PBXResourcesBuildPhase section */
		89E28E882B465CB300AB0FEC /* Resources */ = {
			isa = PBXResourcesBuildPhase;
			buildActionMask = 2147483647;
			files = (
				89E28E952B465CB500AB0FEC /* Preview Assets.xcassets in Resources */,
				89E28E922B465CB500AB0FEC /* Assets.xcassets in Resources */,
			);
			runOnlyForDeploymentPostprocessing = 0;
		};
		89E28E982B465CB500AB0FEC /* Resources */ = {
			isa = PBXResourcesBuildPhase;
			buildActionMask = 2147483647;
			files = (
			);
			runOnlyForDeploymentPostprocessing = 0;
		};
		89E28EA22B465CB500AB0FEC /* Resources */ = {
			isa = PBXResourcesBuildPhase;
			buildActionMask = 2147483647;
			files = (
			);
			runOnlyForDeploymentPostprocessing = 0;
		};
/* End PBXResourcesBuildPhase section */

/* Begin PBXSourcesBuildPhase section */
		89E28E862B465CB300AB0FEC /* Sources */ = {
			isa = PBXSourcesBuildPhase;
			buildActionMask = 2147483647;
			files = (
				89E28E902B465CB300AB0FEC /* ContentView.swift in Sources */,
				89E28E8E2B465CB300AB0FEC /* Vortex_AppApp.swift in Sources */,
			);
			runOnlyForDeploymentPostprocessing = 0;
		};
		89E28E962B465CB500AB0FEC /* Sources */ = {
			isa = PBXSourcesBuildPhase;
			buildActionMask = 2147483647;
			files = (
				89E28E9F2B465CB500AB0FEC /* Vortex_AppTests.swift in Sources */,
			);
			runOnlyForDeploymentPostprocessing = 0;
		};
		89E28EA02B465CB500AB0FEC /* Sources */ = {
			isa = PBXSourcesBuildPhase;
			buildActionMask = 2147483647;
			files = (
				89E28EAB2B465CB500AB0FEC /* Vortex_AppUITestsLaunchTests.swift in Sources */,
				89E28EA92B465CB500AB0FEC /* Vortex_AppUITests.swift in Sources */,
			);
			runOnlyForDeploymentPostprocessing = 0;
		};
/* End PBXSourcesBuildPhase section */

/* Begin PBXTargetDependency section */
		89E28E9C2B465CB500AB0FEC /* PBXTargetDependency */ = {
			isa = PBXTargetDependency;
			target = 89E28E892B465CB300AB0FEC /* Vortex App */;
			targetProxy = 89E28E9B2B465CB500AB0FEC /* PBXContainerItemProxy */;
		};
		89E28EA62B465CB500AB0FEC /* PBXTargetDependency */ = {
			isa = PBXTargetDependency;
			target = 89E28E892B465CB300AB0FEC /* Vortex App */;
			targetProxy = 89E28EA52B465CB500AB0FEC /* PBXContainerItemProxy */;
		};
/* End PBXTargetDependency section */

/* Begin XCBuildConfiguration section */
		89E28EAC2B465CB500AB0FEC /* Debug */ = {
			isa = XCBuildConfiguration;
			buildSettings = {
				ALWAYS_SEARCH_USER_PATHS = NO;
				ASSETCATALOG_COMPILER_GENERATE_SWIFT_ASSET_SYMBOL_EXTENSIONS = YES;
				CLANG_ANALYZER_NONNULL = YES;
				CLANG_ANALYZER_NUMBER_OBJECT_CONVERSION = YES_AGGRESSIVE;
				CLANG_CXX_LANGUAGE_STANDARD = "gnu++20";
				CLANG_ENABLE_MODULES = YES;
				CLANG_ENABLE_OBJC_ARC = YES;
				CLANG_ENABLE_OBJC_WEAK = YES;
				CLANG_WARN_BLOCK_CAPTURE_AUTORELEASING = YES;
				CLANG_WARN_BOOL_CONVERSION = YES;
				CLANG_WARN_COMMA = YES;
				CLANG_WARN_CONSTANT_CONVERSION = YES;
				CLANG_WARN_DEPRECATED_OBJC_IMPLEMENTATIONS = YES;
				CLANG_WARN_DIRECT_OBJC_ISA_USAGE = YES_ERROR;
				CLANG_WARN_DOCUMENTATION_COMMENTS = YES;
				CLANG_WARN_EMPTY_BODY = YES;
				CLANG_WARN_ENUM_CONVERSION = YES;
				CLANG_WARN_INFINITE_RECURSION = YES;
				CLANG_WARN_INT_CONVERSION = YES;
				CLANG_WARN_NON_LITERAL_NULL_CONVERSION = YES;
				CLANG_WARN_OBJC_IMPLICIT_RETAIN_SELF = YES;
				CLANG_WARN_OBJC_LITERAL_CONVERSION = YES;
				CLANG_WARN_OBJC_ROOT_CLASS = YES_ERROR;
				CLANG_WARN_QUOTED_INCLUDE_IN_FRAMEWORK_HEADER = YES;
				CLANG_WARN_RANGE_LOOP_ANALYSIS = YES;
				CLANG_WARN_STRICT_PROTOTYPES = YES;
				CLANG_WARN_SUSPICIOUS_MOVE = YES;
				CLANG_WARN_UNGUARDED_AVAILABILITY = YES_AGGRESSIVE;
				CLANG_WARN_UNREACHABLE_CODE = YES;
				CLANG_WARN__DUPLICATE_METHOD_MATCH = YES;
				COPY_PHASE_STRIP = NO;
				DEBUG_INFORMATION_FORMAT = dwarf;
				ENABLE_STRICT_OBJC_MSGSEND = YES;
				ENABLE_TESTABILITY = YES;
				ENABLE_USER_SCRIPT_SANDBOXING = YES;
				GCC_C_LANGUAGE_STANDARD = gnu17;
				GCC_DYNAMIC_NO_PIC = NO;
				GCC_NO_COMMON_BLOCKS = YES;
				GCC_OPTIMIZATION_LEVEL = 0;
				GCC_PREPROCESSOR_DEFINITIONS = (
					"DEBUG=1",
					"$(inherited)",
				);
				GCC_WARN_64_TO_32_BIT_CONVERSION = YES;
				GCC_WARN_ABOUT_RETURN_TYPE = YES_ERROR;
				GCC_WARN_UNDECLARED_SELECTOR = YES;
				GCC_WARN_UNINITIALIZED_AUTOS = YES_AGGRESSIVE;
				GCC_WARN_UNUSED_FUNCTION = YES;
				GCC_WARN_UNUSED_VARIABLE = YES;
				IPHONEOS_DEPLOYMENT_TARGET = 17.2;
				LOCALIZATION_PREFERS_STRING_CATALOGS = YES;
				MTL_ENABLE_DEBUG_INFO = INCLUDE_SOURCE;
				MTL_FAST_MATH = YES;
				ONLY_ACTIVE_ARCH = YES;
				SDKROOT = iphoneos;
				SWIFT_ACTIVE_COMPILATION_CONDITIONS = "DEBUG $(inherited)";
				SWIFT_OPTIMIZATION_LEVEL = "-Onone";
			};
			name = Debug;
		};
		89E28EAD2B465CB500AB0FEC /* Release */ = {
			isa = XCBuildConfiguration;
			buildSettings = {
				ALWAYS_SEARCH_USER_PATHS = NO;
				ASSETCATALOG_COMPILER_GENERATE_SWIFT_ASSET_SYMBOL_EXTENSIONS = YES;
				CLANG_ANALYZER_NONNULL = YES;
				CLANG_ANALYZER_NUMBER_OBJECT_CONVERSION = YES_AGGRESSIVE;
				CLANG_CXX_LANGUAGE_STANDARD = "gnu++20";
				CLANG_ENABLE_MODULES = YES;
				CLANG_ENABLE_OBJC_ARC = YES;
				CLANG_ENABLE_OBJC_WEAK = YES;
				CLANG_WARN_BLOCK_CAPTURE_AUTORELEASING = YES;
				CLANG_WARN_BOOL_CONVERSION = YES;
				CLANG_WARN_COMMA = YES;
				CLANG_WARN_CONSTANT_CONVERSION = YES;
				CLANG_WARN_DEPRECATED_OBJC_IMPLEMENTATIONS = YES;
				CLANG_WARN_DIRECT_OBJC_ISA_USAGE = YES_ERROR;
				CLANG_WARN_DOCUMENTATION_COMMENTS = YES;
				CLANG_WARN_EMPTY_BODY = YES;
				CLANG_WARN_ENUM_CONVERSION = YES;
				CLANG_WARN_INFINITE_RECURSION = YES;
				CLANG_WARN_INT_CONVERSION = YES;
				CLANG_WARN_NON_LITERAL_NULL_CONVERSION = YES;
				CLANG_WARN_OBJC_IMPLICIT_RETAIN_SELF = YES;
				CLANG_WARN_OBJC_LITERAL_CONVERSION = YES;
				CLANG_WARN_OBJC_ROOT_CLASS = YES_ERROR;
				CLANG_WARN_QUOTED_INCLUDE_IN_FRAMEWORK_HEADER = YES;
				CLANG_WARN_RANGE_LOOP_ANALYSIS = YES;
				CLANG_WARN_STRICT_PROTOTYPES = YES;
				CLANG_WARN_SUSPICIOUS_MOVE = YES;
				CLANG_WARN_UNGUARDED_AVAILABILITY = YES_AGGRESSIVE;
				CLANG_WARN_UNREACHABLE_CODE = YES;
				CLANG_WARN__DUPLICATE_METHOD_MATCH = YES;
				COPY_PHASE_STRIP = NO;
				DEBUG_INFORMATION_FORMAT = "dwarf-with-dsym";
				ENABLE_NS_ASSERTIONS = NO;
				ENABLE_STRICT_OBJC_MSGSEND = YES;
				ENABLE_USER_SCRIPT_SANDBOXING = YES;
				GCC_C_LANGUAGE_STANDARD = gnu17;
				GCC_NO_COMMON_BLOCKS = YES;
				GCC_WARN_64_TO_32_BIT_CONVERSION = YES;
				GCC_WARN_ABOUT_RETURN_TYPE = YES_ERROR;
				GCC_WARN_UNDECLARED_SELECTOR = YES;
				GCC_WARN_UNINITIALIZED_AUTOS = YES_AGGRESSIVE;
				GCC_WARN_UNUSED_FUNCTION = YES;
				GCC_WARN_UNUSED_VARIABLE = YES;
				IPHONEOS_DEPLOYMENT_TARGET = 17.2;
				LOCALIZATION_PREFERS_STRING_CATALOGS = YES;
				MTL_ENABLE_DEBUG_INFO = NO;
				MTL_FAST_MATH = YES;
				SDKROOT = iphoneos;
				SWIFT_COMPILATION_MODE = wholemodule;
				VALIDATE_PRODUCT = YES;
			};
			name = Release;
		};
		89E28EAF2B465CB500AB0FEC /* Debug */ = {
			isa = XCBuildConfiguration;
			buildSettings = {
				ASSETCATALOG_COMPILER_APPICON_NAME = AppIcon;
				ASSETCATALOG_COMPILER_GLOBAL_ACCENT_COLOR_NAME = AccentColor;
				CODE_SIGN_STYLE = Automatic;
				CURRENT_PROJECT_VERSION = 1;
				DEVELOPMENT_ASSET_PATHS = "\"Vortex App/Preview Content\"";
				ENABLE_PREVIEWS = YES;
				GENERATE_INFOPLIST_FILE = YES;
				INFOPLIST_KEY_UIApplicationSceneManifest_Generation = YES;
				INFOPLIST_KEY_UIApplicationSupportsIndirectInputEvents = YES;
				INFOPLIST_KEY_UILaunchScreen_Generation = YES;
				INFOPLIST_KEY_UISupportedInterfaceOrientations_iPad = "UIInterfaceOrientationPortrait UIInterfaceOrientationPortraitUpsideDown UIInterfaceOrientationLandscapeLeft UIInterfaceOrientationLandscapeRight";
				INFOPLIST_KEY_UISupportedInterfaceOrientations_iPhone = "UIInterfaceOrientationPortrait UIInterfaceOrientationLandscapeLeft UIInterfaceOrientationLandscapeRight";
				LD_RUNPATH_SEARCH_PATHS = (
					"$(inherited)",
					"@executable_path/Frameworks",
				);
				MARKETING_VERSION = 1.0;
				PRODUCT_BUNDLE_IDENTIFIER = "com.armando.Vortex-App";
				PRODUCT_NAME = "$(TARGET_NAME)";
				SWIFT_EMIT_LOC_STRINGS = YES;
				SWIFT_VERSION = 5.0;
				TARGETED_DEVICE_FAMILY = "1,2";
			};
			name = Debug;
		};
		89E28EB02B465CB500AB0FEC /* Release */ = {
			isa = XCBuildConfiguration;
			buildSettings = {
				ASSETCATALOG_COMPILER_APPICON_NAME = AppIcon;
				ASSETCATALOG_COMPILER_GLOBAL_ACCENT_COLOR_NAME = AccentColor;
				CODE_SIGN_STYLE = Automatic;
				CURRENT_PROJECT_VERSION = 1;
				DEVELOPMENT_ASSET_PATHS = "\"Vortex App/Preview Content\"";
				ENABLE_PREVIEWS = YES;
				GENERATE_INFOPLIST_FILE = YES;
				INFOPLIST_KEY_UIApplicationSceneManifest_Generation = YES;
				INFOPLIST_KEY_UIApplicationSupportsIndirectInputEvents = YES;
				INFOPLIST_KEY_UILaunchScreen_Generation = YES;
				INFOPLIST_KEY_UISupportedInterfaceOrientations_iPad = "UIInterfaceOrientationPortrait UIInterfaceOrientationPortraitUpsideDown UIInterfaceOrientationLandscapeLeft UIInterfaceOrientationLandscapeRight";
				INFOPLIST_KEY_UISupportedInterfaceOrientations_iPhone = "UIInterfaceOrientationPortrait UIInterfaceOrientationLandscapeLeft UIInterfaceOrientationLandscapeRight";
				LD_RUNPATH_SEARCH_PATHS = (
					"$(inherited)",
					"@executable_path/Frameworks",
				);
				MARKETING_VERSION = 1.0;
				PRODUCT_BUNDLE_IDENTIFIER = "com.armando.Vortex-App";
				PRODUCT_NAME = "$(TARGET_NAME)";
				SWIFT_EMIT_LOC_STRINGS = YES;
				SWIFT_VERSION = 5.0;
				TARGETED_DEVICE_FAMILY = "1,2";
			};
			name = Release;
		};
		89E28EB22B465CB500AB0FEC /* Debug */ = {
			isa = XCBuildConfiguration;
			buildSettings = {
				ALWAYS_EMBED_SWIFT_STANDARD_LIBRARIES = YES;
				BUNDLE_LOADER = "$(TEST_HOST)";
				CODE_SIGN_STYLE = Automatic;
				CURRENT_PROJECT_VERSION = 1;
				GENERATE_INFOPLIST_FILE = YES;
				IPHONEOS_DEPLOYMENT_TARGET = 17.2;
				MARKETING_VERSION = 1.0;
				PRODUCT_BUNDLE_IDENTIFIER = "com.armando.Vortex-AppTests";
				PRODUCT_NAME = "$(TARGET_NAME)";
				SWIFT_EMIT_LOC_STRINGS = NO;
				SWIFT_VERSION = 5.0;
				TARGETED_DEVICE_FAMILY = "1,2";
				TEST_HOST = "$(BUILT_PRODUCTS_DIR)/Vortex App.app/$(BUNDLE_EXECUTABLE_FOLDER_PATH)/Vortex App";
			};
			name = Debug;
		};
		89E28EB32B465CB500AB0FEC /* Release */ = {
			isa = XCBuildConfiguration;
			buildSettings = {
				ALWAYS_EMBED_SWIFT_STANDARD_LIBRARIES = YES;
				BUNDLE_LOADER = "$(TEST_HOST)";
				CODE_SIGN_STYLE = Automatic;
				CURRENT_PROJECT_VERSION = 1;
				GENERATE_INFOPLIST_FILE = YES;
				IPHONEOS_DEPLOYMENT_TARGET = 17.2;
				MARKETING_VERSION = 1.0;
				PRODUCT_BUNDLE_IDENTIFIER = "com.armando.Vortex-AppTests";
				PRODUCT_NAME = "$(TARGET_NAME)";
				SWIFT_EMIT_LOC_STRINGS = NO;
				SWIFT_VERSION = 5.0;
				TARGETED_DEVICE_FAMILY = "1,2";
				TEST_HOST = "$(BUILT_PRODUCTS_DIR)/Vortex App.app/$(BUNDLE_EXECUTABLE_FOLDER_PATH)/Vortex App";
			};
			name = Release;
		};
		89E28EB52B465CB500AB0FEC /* Debug */ = {
			isa = XCBuildConfiguration;
			buildSettings = {
				ALWAYS_EMBED_SWIFT_STANDARD_LIBRARIES = YES;
				CODE_SIGN_STYLE = Automatic;
				CURRENT_PROJECT_VERSION = 1;
				GENERATE_INFOPLIST_FILE = YES;
				MARKETING_VERSION = 1.0;
				PRODUCT_BUNDLE_IDENTIFIER = "com.armando.Vortex-AppUITests";
				PRODUCT_NAME = "$(TARGET_NAME)";
				SWIFT_EMIT_LOC_STRINGS = NO;
				SWIFT_VERSION = 5.0;
				TARGETED_DEVICE_FAMILY = "1,2";
				TEST_TARGET_NAME = "Vortex App";
			};
			name = Debug;
		};
		89E28EB62B465CB500AB0FEC /* Release */ = {
			isa = XCBuildConfiguration;
			buildSettings = {
				ALWAYS_EMBED_SWIFT_STANDARD_LIBRARIES = YES;
				CODE_SIGN_STYLE = Automatic;
				CURRENT_PROJECT_VERSION = 1;
				GENERATE_INFOPLIST_FILE = YES;
				MARKETING_VERSION = 1.0;
				PRODUCT_BUNDLE_IDENTIFIER = "com.armando.Vortex-AppUITests";
				PRODUCT_NAME = "$(TARGET_NAME)";
				SWIFT_EMIT_LOC_STRINGS = NO;
				SWIFT_VERSION = 5.0;
				TARGETED_DEVICE_FAMILY = "1,2";
				TEST_TARGET_NAME = "Vortex App";
			};
			name = Release;
		};
/* End XCBuildConfiguration section */

/* Begin XCConfigurationList section */
		89E28E852B465CB300AB0FEC /* Build configuration list for PBXProject "Vortex App" */ = {
			isa = XCConfigurationList;
			buildConfigurations = (
				89E28EAC2B465CB500AB0FEC /* Debug */,
				89E28EAD2B465CB500AB0FEC /* Release */,
			);
			defaultConfigurationIsVisible = 0;
			defaultConfigurationName = Release;
		};
		89E28EAE2B465CB500AB0FEC /* Build configuration list for PBXNativeTarget "Vortex App" */ = {
			isa = XCConfigurationList;
			buildConfigurations = (
				89E28EAF2B465CB500AB0FEC /* Debug */,
				89E28EB02B465CB500AB0FEC /* Release */,
			);
			defaultConfigurationIsVisible = 0;
			defaultConfigurationName = Release;
		};
		89E28EB12B465CB500AB0FEC /* Build configuration list for PBXNativeTarget "Vortex AppTests" */ = {
			isa = XCConfigurationList;
			buildConfigurations = (
				89E28EB22B465CB500AB0FEC /* Debug */,
				89E28EB32B465CB500AB0FEC /* Release */,
			);
			defaultConfigurationIsVisible = 0;
			defaultConfigurationName = Release;
		};
		89E28EB42B465CB500AB0FEC /* Build configuration list for PBXNativeTarget "Vortex AppUITests" */ = {
			isa = XCConfigurationList;
			buildConfigurations = (
				89E28EB52B465CB500AB0FEC /* Debug */,
				89E28EB62B465CB500AB0FEC /* Release */,
			);
			defaultConfigurationIsVisible = 0;
			defaultConfigurationName = Release;
		};
/* End XCConfigurationList section */
	};
	rootObject = 89E28E822B465CB300AB0FEC /* Project object */;
}
